<?xml version="1.0" encoding="utf-8"?>
<Project ToolsVersion="4.0" xmlns="http://schemas.microsoft.com/developer/msbuild/2003">
  <ItemGroup>
    <Filter Include="RaphEn">
      <UniqueIdentifier>{637F40CE-4F21-6BA4-38DC-7EF8241DF2F4}</UniqueIdentifier>
    </Filter>
    <Filter Include="RaphEn\Core">
      <UniqueIdentifier>{9BB9CFDF-076F-48D5-9063-42ACFC173FD9}</UniqueIdentifier>
    </Filter>
    <Filter Include="RaphEn\Events">
      <UniqueIdentifier>{E79DC617-535E-424E-1C99-8BCB8818872A}</UniqueIdentifier>
    </Filter>
    <Filter Include="RaphEn\Profiler">
      <UniqueIdentifier>{15A08D2D-812B-FBF1-8A3C-7EE6F64657F2}</UniqueIdentifier>
    </Filter>
  </ItemGroup>
  <ItemGroup>
    <ClInclude Include="src\RaphEn\Application.h">
      <Filter>RaphEn</Filter>
    </ClInclude>
    <ClInclude Include="src\RaphEn\Core\Core.h">
      <Filter>RaphEn\Core</Filter>
    </ClInclude>
    <ClInclude Include="src\RaphEn\Core\EventCore.h">
      <Filter>RaphEn\Core</Filter>
    </ClInclude>
    <ClInclude Include="src\RaphEn\Core\ProfilerCore.h">
      <Filter>RaphEn\Core</Filter>
    </ClInclude>
    <ClInclude Include="src\RaphEn\EntryPoint.h">
      <Filter>RaphEn</Filter>
    </ClInclude>
    <ClInclude Include="src\RaphEn\Events\ApplicationEvent.h">
      <Filter>RaphEn\Events</Filter>
    </ClInclude>
    <ClInclude Include="src\RaphEn\Events\Event.h">
      <Filter>RaphEn\Events</Filter>
    </ClInclude>
    <ClInclude Include="src\RaphEn\Events\EventDispatcher.h">
      <Filter>RaphEn\Events</Filter>
    </ClInclude>
    <ClInclude Include="src\RaphEn\Events\EventType.h">
      <Filter>RaphEn\Events</Filter>
    </ClInclude>
    <ClInclude Include="src\RaphEn\Events\KeyEvent.h">
      <Filter>RaphEn\Events</Filter>
    </ClInclude>
    <ClInclude Include="src\RaphEn\Events\MouseEvent.h">
      <Filter>RaphEn\Events</Filter>
    </ClInclude>
    <ClInclude Include="src\RaphEn\Events\WindowEvent.h">
      <Filter>RaphEn\Events</Filter>
    </ClInclude>
    <ClInclude Include="src\RaphEn\Log.h">
      <Filter>RaphEn</Filter>
    </ClInclude>
    <ClInclude Include="src\RaphEn\Profiler\ProfileResult.h">
      <Filter>RaphEn\Profiler</Filter>
    </ClInclude>
    <ClInclude Include="src\RaphEn\Profiler\Profiler.h">
      <Filter>RaphEn\Profiler</Filter>
    </ClInclude>
    <ClInclude Include="src\RaphEn\Profiler\ProfilerTimer.h">
      <Filter>RaphEn\Profiler</Filter>
    </ClInclude>
    <ClInclude Include="src\Raphen.h" />
    <ClInclude Include="src\repch.h" />
    <ClInclude Include="src\RaphEn\Memory\StackAllocator.h" />
    <ClInclude Include="src\RaphEn\Memory\MemoryAllocator.h" />
    <ClInclude Include="src\RaphEn\Memory\LinearAllocator.h" />
  </ItemGroup>
  <ItemGroup>
    <ClCompile Include="src\RaphEn\Application.cpp">
      <Filter>RaphEn</Filter>
    </ClCompile>
    <ClCompile Include="src\RaphEn\Events\ApplicationEvent.cpp">
      <Filter>RaphEn\Events</Filter>
    </ClCompile>
    <ClCompile Include="src\RaphEn\Events\KeyEvent.cpp">
      <Filter>RaphEn\Events</Filter>
    </ClCompile>
    <ClCompile Include="src\RaphEn\Events\MouseEvent.cpp">
      <Filter>RaphEn\Events</Filter>
    </ClCompile>
    <ClCompile Include="src\RaphEn\Events\WindowEvent.cpp">
      <Filter>RaphEn\Events</Filter>
    </ClCompile>
    <ClCompile Include="src\RaphEn\Log.cpp">
      <Filter>RaphEn</Filter>
    </ClCompile>
    <ClCompile Include="src\RaphEn\Profiler\Profiler.cpp">
      <Filter>RaphEn\Profiler</Filter>
    </ClCompile>
    <ClCompile Include="src\RaphEn\Profiler\ProfilerTimer.cpp">
      <Filter>RaphEn\Profiler</Filter>
    </ClCompile>
    <ClCompile Include="src\repch.cpp" />
    <ClCompile Include="src\RaphEn\Memory\StackAllocator.cpp" />
    <ClCompile Include="src\RaphEn\Memory\LinearAllocator.cpp" />
  </ItemGroup>
</Project>